# This file is automatically @generated by Cargo.
# It is not intended for manual editing.
[[package]]
name = "ruspiro-register"
version = "0.1.1"
source = "registry+https://github.com/rust-lang/crates.io-index"

[[package]]
name = "ruspiro-timer"
version = "0.1.0"
dependencies = [
 "ruspiro-register 0.1.1 (registry+https://github.com/rust-lang/crates.io-index)",
]

[metadata]
"checksum ruspiro-register 0.1.1 (registry+https://github.com/rust-lang/crates.io-index)" = "b980f28994eba9f2f2a7e539acdc2daf7903cd38dd173c24153d4a2a69f23414"
