# This file is automatically @generated by Cargo.
# It is not intended for manual editing.
[[package]]
name = "ruspiro-register"
version = "0.0.2"
source = "registry+https://github.com/rust-lang/crates.io-index"

[[package]]
name = "ruspiro-timer"
version = "0.0.1"
dependencies = [
 "ruspiro-register 0.0.2 (registry+https://github.com/rust-lang/crates.io-index)",
]

[metadata]
"checksum ruspiro-register 0.0.2 (registry+https://github.com/rust-lang/crates.io-index)" = "fda8916cf067f9c59518c6a32af1bef57d2c2a7a02cf75326954f0b6e1f0c3a1"
